// !$*UTF8*$!
{
	archiveVersion = 1;
	classes = {
	};
	objectVersion = 56;
	objects = {

/* Begin PBXBuildFile section */
		D10DA9E62C3E5FEF001F25FF /* AppDelegate.swift in Sources */ = {isa = PBXBuildFile; fileRef = D10DA9E52C3E5FEF001F25FF /* AppDelegate.swift */; };
		D10DA9E82C3E5FEF001F25FF /* SceneDelegate.swift in Sources */ = {isa = PBXBuildFile; fileRef = D10DA9E72C3E5FEF001F25FF /* SceneDelegate.swift */; };
		D10DA9EA2C3E5FEF001F25FF /* WeatherViewController.swift in Sources */ = {isa = PBXBuildFile; fileRef = D10DA9E92C3E5FEF001F25FF /* WeatherViewController.swift */; };
		D10DA9EF2C3E5FF0001F25FF /* Assets.xcassets in Resources */ = {isa = PBXBuildFile; fileRef = D10DA9EE2C3E5FF0001F25FF /* Assets.xcassets */; };
		D10DA9F22C3E5FF0001F25FF /* Base in Resources */ = {isa = PBXBuildFile; fileRef = D10DA9F12C3E5FF0001F25FF /* Base */; };
		D10DA9FC2C3E600F001F25FF /* .gitignore in Resources */ = {isa = PBXBuildFile; fileRef = D10DA9FB2C3E600F001F25FF /* .gitignore */; };
		D10DA9FF2C3E6038001F25FF /* APIKey.swift in Sources */ = {isa = PBXBuildFile; fileRef = D10DA9FE2C3E6038001F25FF /* APIKey.swift */; };
		D10DAA022C3E6123001F25FF /* BaseViewController.swift in Sources */ = {isa = PBXBuildFile; fileRef = D10DAA012C3E6123001F25FF /* BaseViewController.swift */; };
		D10DAA052C3E6465001F25FF /* WeatherAPI.swift in Sources */ = {isa = PBXBuildFile; fileRef = D10DAA042C3E6465001F25FF /* WeatherAPI.swift */; };
		D10DAA082C3E6600001F25FF /* Alamofire in Frameworks */ = {isa = PBXBuildFile; productRef = D10DAA072C3E6600001F25FF /* Alamofire */; };
		D10DAA0B2C3E660B001F25FF /* SnapKit in Frameworks */ = {isa = PBXBuildFile; productRef = D10DAA0A2C3E660B001F25FF /* SnapKit */; };
		D10DAA0F2C3E6633001F25FF /* Kingfisher in Frameworks */ = {isa = PBXBuildFile; productRef = D10DAA0E2C3E6633001F25FF /* Kingfisher */; };
		D10DAA112C3E6A9F001F25FF /* NetworkManager.swift in Sources */ = {isa = PBXBuildFile; fileRef = D10DAA102C3E6A9F001F25FF /* NetworkManager.swift */; };
		D10DAA132C3E6AE3001F25FF /* APIError.swift in Sources */ = {isa = PBXBuildFile; fileRef = D10DAA122C3E6AE3001F25FF /* APIError.swift */; };
		D10DAA162C3E6CA4001F25FF /* CurrentWeather.swift in Sources */ = {isa = PBXBuildFile; fileRef = D10DAA152C3E6CA4001F25FF /* CurrentWeather.swift */; };
		D10DAA182C3E7255001F25FF /* ForeCast.swift in Sources */ = {isa = PBXBuildFile; fileRef = D10DAA172C3E7255001F25FF /* ForeCast.swift */; };
		D10DAA1B2C3E78C5001F25FF /* BaseLabel.swift in Sources */ = {isa = PBXBuildFile; fileRef = D10DAA1A2C3E78C5001F25FF /* BaseLabel.swift */; };
		D10DAA1E2C3E7C52001F25FF /* Color.swift in Sources */ = {isa = PBXBuildFile; fileRef = D10DAA1D2C3E7C52001F25FF /* Color.swift */; };
		D10DAA212C3E7E7B001F25FF /* Observable.swift in Sources */ = {isa = PBXBuildFile; fileRef = D10DAA202C3E7E7B001F25FF /* Observable.swift */; };
		D10DAA242C3E7F55001F25FF /* WeatherViewModel.swift in Sources */ = {isa = PBXBuildFile; fileRef = D10DAA232C3E7F55001F25FF /* WeatherViewModel.swift */; };
		D10DAA292C3E98C3001F25FF /* BaseTableViewCell.swift in Sources */ = {isa = PBXBuildFile; fileRef = D10DAA282C3E98C3001F25FF /* BaseTableViewCell.swift */; };
		D10DAA2C2C3E98D6001F25FF /* ReuseIdentifier.swift in Sources */ = {isa = PBXBuildFile; fileRef = D10DAA2B2C3E98D6001F25FF /* ReuseIdentifier.swift */; };
		D10DAA2E2C3EAD0D001F25FF /* ThreeHoursCollectionViewCell.swift in Sources */ = {isa = PBXBuildFile; fileRef = D10DAA2D2C3EAD0D001F25FF /* ThreeHoursCollectionViewCell.swift */; };
		D10DAA302C3EAD19001F25FF /* BaseCollectionViewCell.swift in Sources */ = {isa = PBXBuildFile; fileRef = D10DAA2F2C3EAD19001F25FF /* BaseCollectionViewCell.swift */; };
		D10DAA342C3F5B09001F25FF /* MinMaxTempCollectionViewCell.swift in Sources */ = {isa = PBXBuildFile; fileRef = D10DAA332C3F5B09001F25FF /* MinMaxTempCollectionViewCell.swift */; };
		D10DAA3F2C3F98AB001F25FF /* DayWeather.swift in Sources */ = {isa = PBXBuildFile; fileRef = D10DAA3E2C3F98AB001F25FF /* DayWeather.swift */; };
		D10DAA4B2C4000AA001F25FF /* WeatherDataCollectionViewCell.swift in Sources */ = {isa = PBXBuildFile; fileRef = D10DAA4A2C4000AA001F25FF /* WeatherDataCollectionViewCell.swift */; };
		D10DAA4E2C400ACE001F25FF /* WeatherDataType.swift in Sources */ = {isa = PBXBuildFile; fileRef = D10DAA4D2C400ACE001F25FF /* WeatherDataType.swift */; };
		D10DAA502C400B42001F25FF /* SearchCityViewController.swift in Sources */ = {isa = PBXBuildFile; fileRef = D10DAA4F2C400B42001F25FF /* SearchCityViewController.swift */; };
		D10DAA522C401048001F25FF /* CityList.json in Resources */ = {isa = PBXBuildFile; fileRef = D10DAA512C401048001F25FF /* CityList.json */; };
		D10DAA542C40110B001F25FF /* CityList.swift in Sources */ = {isa = PBXBuildFile; fileRef = D10DAA532C40110B001F25FF /* CityList.swift */; };
		D10DAA562C4012AC001F25FF /* SearchCityViewModel.swift in Sources */ = {isa = PBXBuildFile; fileRef = D10DAA552C4012AC001F25FF /* SearchCityViewModel.swift */; };
		D10DAA582C401452001F25FF /* SearchCityTableViewCell.swift in Sources */ = {isa = PBXBuildFile; fileRef = D10DAA572C401452001F25FF /* SearchCityTableViewCell.swift */; };
		D10DAA5B2C4103CC001F25FF /* Toast in Frameworks */ = {isa = PBXBuildFile; productRef = D10DAA5A2C4103CC001F25FF /* Toast */; };
		D10DAA5E2C410607001F25FF /* UserDefault.swift in Sources */ = {isa = PBXBuildFile; fileRef = D10DAA5D2C410607001F25FF /* UserDefault.swift */; };
		D10DAA602C410656001F25FF /* UserDefaultsManager.swift in Sources */ = {isa = PBXBuildFile; fileRef = D10DAA5F2C410656001F25FF /* UserDefaultsManager.swift */; };
		D10DAA622C410A4A001F25FF /* MapViewController.swift in Sources */ = {isa = PBXBuildFile; fileRef = D10DAA612C410A4A001F25FF /* MapViewController.swift */; };
		D10DAA652C410FB2001F25FF /* Extention+UIViewController.swift in Sources */ = {isa = PBXBuildFile; fileRef = D10DAA642C410FB2001F25FF /* Extention+UIViewController.swift */; };
		D10DAA922C46A4D0001F25FF /* CurrentWeatherCollectionViewCell.swift in Sources */ = {isa = PBXBuildFile; fileRef = D10DAA912C46A4D0001F25FF /* CurrentWeatherCollectionViewCell.swift */; };
		D1E8B1342C4B6CC6009B3D81 /* MapCollectionViewCell.swift in Sources */ = {isa = PBXBuildFile; fileRef = D1E8B1332C4B6CC6009B3D81 /* MapCollectionViewCell.swift */; };
		D1E8B1362C4B901A009B3D81 /* BackgroundDecorationView.swift in Sources */ = {isa = PBXBuildFile; fileRef = D1E8B1352C4B901A009B3D81 /* BackgroundDecorationView.swift */; };
/* End PBXBuildFile section */

/* Begin PBXFileReference section */
		D10DA9E22C3E5FEF001F25FF /* Weather.app */ = {isa = PBXFileReference; explicitFileType = wrapper.application; includeInIndex = 0; path = Weather.app; sourceTree = BUILT_PRODUCTS_DIR; };
		D10DA9E52C3E5FEF001F25FF /* AppDelegate.swift */ = {isa = PBXFileReference; lastKnownFileType = sourcecode.swift; path = AppDelegate.swift; sourceTree = "<group>"; };
		D10DA9E72C3E5FEF001F25FF /* SceneDelegate.swift */ = {isa = PBXFileReference; lastKnownFileType = sourcecode.swift; path = SceneDelegate.swift; sourceTree = "<group>"; };
		D10DA9E92C3E5FEF001F25FF /* WeatherViewController.swift */ = {isa = PBXFileReference; lastKnownFileType = sourcecode.swift; path = WeatherViewController.swift; sourceTree = "<group>"; };
		D10DA9EE2C3E5FF0001F25FF /* Assets.xcassets */ = {isa = PBXFileReference; lastKnownFileType = folder.assetcatalog; path = Assets.xcassets; sourceTree = "<group>"; };
		D10DA9F12C3E5FF0001F25FF /* Base */ = {isa = PBXFileReference; lastKnownFileType = file.storyboard; name = Base; path = Base.lproj/LaunchScreen.storyboard; sourceTree = "<group>"; };
		D10DA9F32C3E5FF0001F25FF /* Info.plist */ = {isa = PBXFileReference; lastKnownFileType = text.plist.xml; path = Info.plist; sourceTree = "<group>"; };
		D10DA9FB2C3E600F001F25FF /* .gitignore */ = {isa = PBXFileReference; lastKnownFileType = text; path = .gitignore; sourceTree = "<group>"; };
		D10DA9FE2C3E6038001F25FF /* APIKey.swift */ = {isa = PBXFileReference; lastKnownFileType = sourcecode.swift; path = APIKey.swift; sourceTree = "<group>"; };
		D10DAA012C3E6123001F25FF /* BaseViewController.swift */ = {isa = PBXFileReference; lastKnownFileType = sourcecode.swift; path = BaseViewController.swift; sourceTree = "<group>"; };
		D10DAA042C3E6465001F25FF /* WeatherAPI.swift */ = {isa = PBXFileReference; lastKnownFileType = sourcecode.swift; path = WeatherAPI.swift; sourceTree = "<group>"; };
		D10DAA102C3E6A9F001F25FF /* NetworkManager.swift */ = {isa = PBXFileReference; lastKnownFileType = sourcecode.swift; path = NetworkManager.swift; sourceTree = "<group>"; };
		D10DAA122C3E6AE3001F25FF /* APIError.swift */ = {isa = PBXFileReference; lastKnownFileType = sourcecode.swift; path = APIError.swift; sourceTree = "<group>"; };
		D10DAA152C3E6CA4001F25FF /* CurrentWeather.swift */ = {isa = PBXFileReference; lastKnownFileType = sourcecode.swift; path = CurrentWeather.swift; sourceTree = "<group>"; };
		D10DAA172C3E7255001F25FF /* ForeCast.swift */ = {isa = PBXFileReference; lastKnownFileType = sourcecode.swift; path = ForeCast.swift; sourceTree = "<group>"; };
		D10DAA1A2C3E78C5001F25FF /* BaseLabel.swift */ = {isa = PBXFileReference; lastKnownFileType = sourcecode.swift; path = BaseLabel.swift; sourceTree = "<group>"; };
		D10DAA1D2C3E7C52001F25FF /* Color.swift */ = {isa = PBXFileReference; lastKnownFileType = sourcecode.swift; path = Color.swift; sourceTree = "<group>"; };
		D10DAA202C3E7E7B001F25FF /* Observable.swift */ = {isa = PBXFileReference; lastKnownFileType = sourcecode.swift; path = Observable.swift; sourceTree = "<group>"; };
		D10DAA232C3E7F55001F25FF /* WeatherViewModel.swift */ = {isa = PBXFileReference; lastKnownFileType = sourcecode.swift; path = WeatherViewModel.swift; sourceTree = "<group>"; };
		D10DAA282C3E98C3001F25FF /* BaseTableViewCell.swift */ = {isa = PBXFileReference; lastKnownFileType = sourcecode.swift; path = BaseTableViewCell.swift; sourceTree = "<group>"; };
		D10DAA2B2C3E98D6001F25FF /* ReuseIdentifier.swift */ = {isa = PBXFileReference; lastKnownFileType = sourcecode.swift; path = ReuseIdentifier.swift; sourceTree = "<group>"; };
		D10DAA2D2C3EAD0D001F25FF /* ThreeHoursCollectionViewCell.swift */ = {isa = PBXFileReference; lastKnownFileType = sourcecode.swift; path = ThreeHoursCollectionViewCell.swift; sourceTree = "<group>"; };
		D10DAA2F2C3EAD19001F25FF /* BaseCollectionViewCell.swift */ = {isa = PBXFileReference; lastKnownFileType = sourcecode.swift; path = BaseCollectionViewCell.swift; sourceTree = "<group>"; };
		D10DAA332C3F5B09001F25FF /* MinMaxTempCollectionViewCell.swift */ = {isa = PBXFileReference; lastKnownFileType = sourcecode.swift; path = MinMaxTempCollectionViewCell.swift; sourceTree = "<group>"; };
		D10DAA3E2C3F98AB001F25FF /* DayWeather.swift */ = {isa = PBXFileReference; lastKnownFileType = sourcecode.swift; path = DayWeather.swift; sourceTree = "<group>"; };
		D10DAA4A2C4000AA001F25FF /* WeatherDataCollectionViewCell.swift */ = {isa = PBXFileReference; lastKnownFileType = sourcecode.swift; path = WeatherDataCollectionViewCell.swift; sourceTree = "<group>"; };
		D10DAA4D2C400ACE001F25FF /* WeatherDataType.swift */ = {isa = PBXFileReference; lastKnownFileType = sourcecode.swift; path = WeatherDataType.swift; sourceTree = "<group>"; };
		D10DAA4F2C400B42001F25FF /* SearchCityViewController.swift */ = {isa = PBXFileReference; lastKnownFileType = sourcecode.swift; path = SearchCityViewController.swift; sourceTree = "<group>"; };
		D10DAA512C401048001F25FF /* CityList.json */ = {isa = PBXFileReference; fileEncoding = 4; lastKnownFileType = text.json; path = CityList.json; sourceTree = "<group>"; };
		D10DAA532C40110B001F25FF /* CityList.swift */ = {isa = PBXFileReference; lastKnownFileType = sourcecode.swift; path = CityList.swift; sourceTree = "<group>"; };
		D10DAA552C4012AC001F25FF /* SearchCityViewModel.swift */ = {isa = PBXFileReference; lastKnownFileType = sourcecode.swift; path = SearchCityViewModel.swift; sourceTree = "<group>"; };
		D10DAA572C401452001F25FF /* SearchCityTableViewCell.swift */ = {isa = PBXFileReference; lastKnownFileType = sourcecode.swift; path = SearchCityTableViewCell.swift; sourceTree = "<group>"; };
		D10DAA5D2C410607001F25FF /* UserDefault.swift */ = {isa = PBXFileReference; lastKnownFileType = sourcecode.swift; path = UserDefault.swift; sourceTree = "<group>"; };
		D10DAA5F2C410656001F25FF /* UserDefaultsManager.swift */ = {isa = PBXFileReference; lastKnownFileType = sourcecode.swift; path = UserDefaultsManager.swift; sourceTree = "<group>"; };
		D10DAA612C410A4A001F25FF /* MapViewController.swift */ = {isa = PBXFileReference; lastKnownFileType = sourcecode.swift; path = MapViewController.swift; sourceTree = "<group>"; };
		D10DAA642C410FB2001F25FF /* Extention+UIViewController.swift */ = {isa = PBXFileReference; lastKnownFileType = sourcecode.swift; path = "Extention+UIViewController.swift"; sourceTree = "<group>"; };
		D10DAA912C46A4D0001F25FF /* CurrentWeatherCollectionViewCell.swift */ = {isa = PBXFileReference; lastKnownFileType = sourcecode.swift; path = CurrentWeatherCollectionViewCell.swift; sourceTree = "<group>"; };
		D1E8B1332C4B6CC6009B3D81 /* MapCollectionViewCell.swift */ = {isa = PBXFileReference; lastKnownFileType = sourcecode.swift; path = MapCollectionViewCell.swift; sourceTree = "<group>"; };
		D1E8B1352C4B901A009B3D81 /* BackgroundDecorationView.swift */ = {isa = PBXFileReference; lastKnownFileType = sourcecode.swift; path = BackgroundDecorationView.swift; sourceTree = "<group>"; };
/* End PBXFileReference section */

/* Begin PBXFrameworksBuildPhase section */
		D10DA9DF2C3E5FEF001F25FF /* Frameworks */ = {
			isa = PBXFrameworksBuildPhase;
			buildActionMask = 2147483647;
			files = (
				D10DAA5B2C4103CC001F25FF /* Toast in Frameworks */,
				D10DAA0F2C3E6633001F25FF /* Kingfisher in Frameworks */,
				D10DAA082C3E6600001F25FF /* Alamofire in Frameworks */,
				D10DAA0B2C3E660B001F25FF /* SnapKit in Frameworks */,
			);
			runOnlyForDeploymentPostprocessing = 0;
		};
/* End PBXFrameworksBuildPhase section */

/* Begin PBXGroup section */
		D10DA9D92C3E5FEF001F25FF = {
			isa = PBXGroup;
			children = (
				D10DA9FB2C3E600F001F25FF /* .gitignore */,
				D10DA9E42C3E5FEF001F25FF /* Weather */,
				D10DA9E32C3E5FEF001F25FF /* Products */,
			);
			sourceTree = "<group>";
		};
		D10DA9E32C3E5FEF001F25FF /* Products */ = {
			isa = PBXGroup;
			children = (
				D10DA9E22C3E5FEF001F25FF /* Weather.app */,
			);
			name = Products;
			sourceTree = "<group>";
		};
		D10DA9E42C3E5FEF001F25FF /* Weather */ = {
			isa = PBXGroup;
			children = (
				D10DAA632C410F9B001F25FF /* Extension */,
				D10DAA2A2C3E98CD001F25FF /* Protocol */,
				D10DAA222C3E7F3E001F25FF /* ViewModel */,
				D10DAA1C2C3E7C45001F25FF /* Resource */,
				D10DAA192C3E759A001F25FF /* View */,
				D10DAA142C3E6C9E001F25FF /* Model */,
				D10DA9FD2C3E602E001F25FF /* API */,
				D10DA9E52C3E5FEF001F25FF /* AppDelegate.swift */,
				D10DA9E72C3E5FEF001F25FF /* SceneDelegate.swift */,
				D10DA9EE2C3E5FF0001F25FF /* Assets.xcassets */,
				D10DA9F02C3E5FF0001F25FF /* LaunchScreen.storyboard */,
				D10DA9F32C3E5FF0001F25FF /* Info.plist */,
				D10DAA202C3E7E7B001F25FF /* Observable.swift */,
			);
			path = Weather;
			sourceTree = "<group>";
		};
		D10DA9FD2C3E602E001F25FF /* API */ = {
			isa = PBXGroup;
			children = (
				D10DA9FE2C3E6038001F25FF /* APIKey.swift */,
			);
			path = API;
			sourceTree = "<group>";
		};
		D10DAA002C3E611B001F25FF /* Base */ = {
			isa = PBXGroup;
			children = (
				D10DAA012C3E6123001F25FF /* BaseViewController.swift */,
				D10DAA1A2C3E78C5001F25FF /* BaseLabel.swift */,
				D10DAA282C3E98C3001F25FF /* BaseTableViewCell.swift */,
				D10DAA2F2C3EAD19001F25FF /* BaseCollectionViewCell.swift */,
			);
			path = Base;
			sourceTree = "<group>";
		};
		D10DAA032C3E6459001F25FF /* Network */ = {
			isa = PBXGroup;
			children = (
				D10DAA042C3E6465001F25FF /* WeatherAPI.swift */,
				D10DAA102C3E6A9F001F25FF /* NetworkManager.swift */,
				D10DAA122C3E6AE3001F25FF /* APIError.swift */,
			);
			path = Network;
			sourceTree = "<group>";
		};
		D10DAA142C3E6C9E001F25FF /* Model */ = {
			isa = PBXGroup;
			children = (
				D10DAA5C2C4105FB001F25FF /* UserDefaults */,
				D10DAA032C3E6459001F25FF /* Network */,
				D10DAA152C3E6CA4001F25FF /* CurrentWeather.swift */,
				D10DAA172C3E7255001F25FF /* ForeCast.swift */,
				D10DAA3E2C3F98AB001F25FF /* DayWeather.swift */,
				D10DAA532C40110B001F25FF /* CityList.swift */,
				D10DAA4D2C400ACE001F25FF /* WeatherDataType.swift */,
			);
			path = Model;
			sourceTree = "<group>";
		};
		D10DAA192C3E759A001F25FF /* View */ = {
			isa = PBXGroup;
			children = (
				D10DAA002C3E611B001F25FF /* Base */,
				D10DAA252C3E9871001F25FF /* Cell */,
				D10DA9E92C3E5FEF001F25FF /* WeatherViewController.swift */,
				D1E8B1352C4B901A009B3D81 /* BackgroundDecorationView.swift */,
				D10DAA4F2C400B42001F25FF /* SearchCityViewController.swift */,
				D10DAA612C410A4A001F25FF /* MapViewController.swift */,
			);
			path = View;
			sourceTree = "<group>";
		};
		D10DAA1C2C3E7C45001F25FF /* Resource */ = {
			isa = PBXGroup;
			children = (
				D10DAA512C401048001F25FF /* CityList.json */,
				D10DAA1D2C3E7C52001F25FF /* Color.swift */,
			);
			path = Resource;
			sourceTree = "<group>";
		};
		D10DAA222C3E7F3E001F25FF /* ViewModel */ = {
			isa = PBXGroup;
			children = (
				D10DAA232C3E7F55001F25FF /* WeatherViewModel.swift */,
				D10DAA552C4012AC001F25FF /* SearchCityViewModel.swift */,
			);
			path = ViewModel;
			sourceTree = "<group>";
		};
		D10DAA252C3E9871001F25FF /* Cell */ = {
			isa = PBXGroup;
			children = (
				D10DAA912C46A4D0001F25FF /* CurrentWeatherCollectionViewCell.swift */,
				D10DAA2D2C3EAD0D001F25FF /* ThreeHoursCollectionViewCell.swift */,
				D10DAA332C3F5B09001F25FF /* MinMaxTempCollectionViewCell.swift */,
				D1E8B1332C4B6CC6009B3D81 /* MapCollectionViewCell.swift */,
				D10DAA4A2C4000AA001F25FF /* WeatherDataCollectionViewCell.swift */,
				D10DAA572C401452001F25FF /* SearchCityTableViewCell.swift */,
			);
			path = Cell;
			sourceTree = "<group>";
		};
		D10DAA2A2C3E98CD001F25FF /* Protocol */ = {
			isa = PBXGroup;
			children = (
				D10DAA2B2C3E98D6001F25FF /* ReuseIdentifier.swift */,
			);
			path = Protocol;
			sourceTree = "<group>";
		};
		D10DAA5C2C4105FB001F25FF /* UserDefaults */ = {
			isa = PBXGroup;
			children = (
				D10DAA5D2C410607001F25FF /* UserDefault.swift */,
				D10DAA5F2C410656001F25FF /* UserDefaultsManager.swift */,
			);
			path = UserDefaults;
			sourceTree = "<group>";
		};
		D10DAA632C410F9B001F25FF /* Extension */ = {
			isa = PBXGroup;
			children = (
				D10DAA642C410FB2001F25FF /* Extention+UIViewController.swift */,
			);
			path = Extension;
			sourceTree = "<group>";
		};
/* End PBXGroup section */

/* Begin PBXNativeTarget section */
		D10DA9E12C3E5FEF001F25FF /* Weather */ = {
			isa = PBXNativeTarget;
			buildConfigurationList = D10DA9F62C3E5FF0001F25FF /* Build configuration list for PBXNativeTarget "Weather" */;
			buildPhases = (
				D10DA9DE2C3E5FEF001F25FF /* Sources */,
				D10DA9DF2C3E5FEF001F25FF /* Frameworks */,
				D10DA9E02C3E5FEF001F25FF /* Resources */,
			);
			buildRules = (
			);
			dependencies = (
			);
			name = Weather;
			packageProductDependencies = (
				D10DAA072C3E6600001F25FF /* Alamofire */,
				D10DAA0A2C3E660B001F25FF /* SnapKit */,
				D10DAA0E2C3E6633001F25FF /* Kingfisher */,
				D10DAA5A2C4103CC001F25FF /* Toast */,
			);
			productName = Weather;
			productReference = D10DA9E22C3E5FEF001F25FF /* Weather.app */;
			productType = "com.apple.product-type.application";
		};
/* End PBXNativeTarget section */

/* Begin PBXProject section */
		D10DA9DA2C3E5FEF001F25FF /* Project object */ = {
			isa = PBXProject;
			attributes = {
				BuildIndependentTargetsInParallel = 1;
				LastSwiftUpdateCheck = 1540;
				LastUpgradeCheck = 1540;
				TargetAttributes = {
					D10DA9E12C3E5FEF001F25FF = {
						CreatedOnToolsVersion = 15.4;
					};
				};
			};
			buildConfigurationList = D10DA9DD2C3E5FEF001F25FF /* Build configuration list for PBXProject "Weather" */;
			compatibilityVersion = "Xcode 14.0";
			developmentRegion = en;
			hasScannedForEncodings = 0;
			knownRegions = (
				en,
				Base,
			);
			mainGroup = D10DA9D92C3E5FEF001F25FF;
			packageReferences = (
				D10DAA062C3E6600001F25FF /* XCRemoteSwiftPackageReference "Alamofire" */,
				D10DAA092C3E660B001F25FF /* XCRemoteSwiftPackageReference "SnapKit" */,
				D10DAA0D2C3E6633001F25FF /* XCRemoteSwiftPackageReference "Kingfisher" */,
				D10DAA592C4103CC001F25FF /* XCRemoteSwiftPackageReference "Toast-Swift" */,
			);
			productRefGroup = D10DA9E32C3E5FEF001F25FF /* Products */;
			projectDirPath = "";
			projectRoot = "";
			targets = (
				D10DA9E12C3E5FEF001F25FF /* Weather */,
			);
		};
/* End PBXProject section */

/* Begin PBXResourcesBuildPhase section */
		D10DA9E02C3E5FEF001F25FF /* Resources */ = {
			isa = PBXResourcesBuildPhase;
			buildActionMask = 2147483647;
			files = (
				D10DA9FC2C3E600F001F25FF /* .gitignore in Resources */,
				D10DA9EF2C3E5FF0001F25FF /* Assets.xcassets in Resources */,
				D10DAA522C401048001F25FF /* CityList.json in Resources */,
				D10DA9F22C3E5FF0001F25FF /* Base in Resources */,
			);
			runOnlyForDeploymentPostprocessing = 0;
		};
/* End PBXResourcesBuildPhase section */

/* Begin PBXSourcesBuildPhase section */
		D10DA9DE2C3E5FEF001F25FF /* Sources */ = {
			isa = PBXSourcesBuildPhase;
			buildActionMask = 2147483647;
			files = (
				D10DAA292C3E98C3001F25FF /* BaseTableViewCell.swift in Sources */,
				D10DAA342C3F5B09001F25FF /* MinMaxTempCollectionViewCell.swift in Sources */,
				D10DAA922C46A4D0001F25FF /* CurrentWeatherCollectionViewCell.swift in Sources */,
				D10DAA502C400B42001F25FF /* SearchCityViewController.swift in Sources */,
				D10DAA212C3E7E7B001F25FF /* Observable.swift in Sources */,
				D10DAA022C3E6123001F25FF /* BaseViewController.swift in Sources */,
				D10DAA602C410656001F25FF /* UserDefaultsManager.swift in Sources */,
				D10DAA652C410FB2001F25FF /* Extention+UIViewController.swift in Sources */,
				D1E8B1362C4B901A009B3D81 /* BackgroundDecorationView.swift in Sources */,
				D10DA9EA2C3E5FEF001F25FF /* WeatherViewController.swift in Sources */,
				D10DAA2E2C3EAD0D001F25FF /* ThreeHoursCollectionViewCell.swift in Sources */,
				D10DAA242C3E7F55001F25FF /* WeatherViewModel.swift in Sources */,
				D10DAA5E2C410607001F25FF /* UserDefault.swift in Sources */,
				D10DA9E62C3E5FEF001F25FF /* AppDelegate.swift in Sources */,
				D10DAA3F2C3F98AB001F25FF /* DayWeather.swift in Sources */,
				D10DAA112C3E6A9F001F25FF /* NetworkManager.swift in Sources */,
				D10DAA052C3E6465001F25FF /* WeatherAPI.swift in Sources */,
				D10DAA302C3EAD19001F25FF /* BaseCollectionViewCell.swift in Sources */,
				D10DAA1E2C3E7C52001F25FF /* Color.swift in Sources */,
				D10DAA2C2C3E98D6001F25FF /* ReuseIdentifier.swift in Sources */,
				D10DAA542C40110B001F25FF /* CityList.swift in Sources */,
				D10DAA132C3E6AE3001F25FF /* APIError.swift in Sources */,
				D10DAA622C410A4A001F25FF /* MapViewController.swift in Sources */,
				D10DAA182C3E7255001F25FF /* ForeCast.swift in Sources */,
				D10DA9FF2C3E6038001F25FF /* APIKey.swift in Sources */,
				D10DAA1B2C3E78C5001F25FF /* BaseLabel.swift in Sources */,
				D10DAA4E2C400ACE001F25FF /* WeatherDataType.swift in Sources */,
				D10DAA162C3E6CA4001F25FF /* CurrentWeather.swift in Sources */,
				D10DAA582C401452001F25FF /* SearchCityTableViewCell.swift in Sources */,
				D1E8B1342C4B6CC6009B3D81 /* MapCollectionViewCell.swift in Sources */,
				D10DAA4B2C4000AA001F25FF /* WeatherDataCollectionViewCell.swift in Sources */,
				D10DA9E82C3E5FEF001F25FF /* SceneDelegate.swift in Sources */,
				D10DAA562C4012AC001F25FF /* SearchCityViewModel.swift in Sources */,
			);
			runOnlyForDeploymentPostprocessing = 0;
		};
/* End PBXSourcesBuildPhase section */

/* Begin PBXVariantGroup section */
		D10DA9F02C3E5FF0001F25FF /* LaunchScreen.storyboard */ = {
			isa = PBXVariantGroup;
			children = (
				D10DA9F12C3E5FF0001F25FF /* Base */,
			);
			name = LaunchScreen.storyboard;
			sourceTree = "<group>";
		};
/* End PBXVariantGroup section */

/* Begin XCBuildConfiguration section */
		D10DA9F42C3E5FF0001F25FF /* Debug */ = {
			isa = XCBuildConfiguration;
			buildSettings = {
				ALWAYS_SEARCH_USER_PATHS = NO;
				ASSETCATALOG_COMPILER_GENERATE_SWIFT_ASSET_SYMBOL_EXTENSIONS = YES;
				CLANG_ANALYZER_NONNULL = YES;
				CLANG_ANALYZER_NUMBER_OBJECT_CONVERSION = YES_AGGRESSIVE;
				CLANG_CXX_LANGUAGE_STANDARD = "gnu++20";
				CLANG_ENABLE_MODULES = YES;
				CLANG_ENABLE_OBJC_ARC = YES;
				CLANG_ENABLE_OBJC_WEAK = YES;
				CLANG_WARN_BLOCK_CAPTURE_AUTORELEASING = YES;
				CLANG_WARN_BOOL_CONVERSION = YES;
				CLANG_WARN_COMMA = YES;
				CLANG_WARN_CONSTANT_CONVERSION = YES;
				CLANG_WARN_DEPRECATED_OBJC_IMPLEMENTATIONS = YES;
				CLANG_WARN_DIRECT_OBJC_ISA_USAGE = YES_ERROR;
				CLANG_WARN_DOCUMENTATION_COMMENTS = YES;
				CLANG_WARN_EMPTY_BODY = YES;
				CLANG_WARN_ENUM_CONVERSION = YES;
				CLANG_WARN_INFINITE_RECURSION = YES;
				CLANG_WARN_INT_CONVERSION = YES;
				CLANG_WARN_NON_LITERAL_NULL_CONVERSION = YES;
				CLANG_WARN_OBJC_IMPLICIT_RETAIN_SELF = YES;
				CLANG_WARN_OBJC_LITERAL_CONVERSION = YES;
				CLANG_WARN_OBJC_ROOT_CLASS = YES_ERROR;
				CLANG_WARN_QUOTED_INCLUDE_IN_FRAMEWORK_HEADER = YES;
				CLANG_WARN_RANGE_LOOP_ANALYSIS = YES;
				CLANG_WARN_STRICT_PROTOTYPES = YES;
				CLANG_WARN_SUSPICIOUS_MOVE = YES;
				CLANG_WARN_UNGUARDED_AVAILABILITY = YES_AGGRESSIVE;
				CLANG_WARN_UNREACHABLE_CODE = YES;
				CLANG_WARN__DUPLICATE_METHOD_MATCH = YES;
				COPY_PHASE_STRIP = NO;
				DEBUG_INFORMATION_FORMAT = dwarf;
				ENABLE_STRICT_OBJC_MSGSEND = YES;
				ENABLE_TESTABILITY = YES;
				ENABLE_USER_SCRIPT_SANDBOXING = YES;
				GCC_C_LANGUAGE_STANDARD = gnu17;
				GCC_DYNAMIC_NO_PIC = NO;
				GCC_NO_COMMON_BLOCKS = YES;
				GCC_OPTIMIZATION_LEVEL = 0;
				GCC_PREPROCESSOR_DEFINITIONS = (
					"DEBUG=1",
					"$(inherited)",
				);
				GCC_WARN_64_TO_32_BIT_CONVERSION = YES;
				GCC_WARN_ABOUT_RETURN_TYPE = YES_ERROR;
				GCC_WARN_UNDECLARED_SELECTOR = YES;
				GCC_WARN_UNINITIALIZED_AUTOS = YES_AGGRESSIVE;
				GCC_WARN_UNUSED_FUNCTION = YES;
				GCC_WARN_UNUSED_VARIABLE = YES;
				IPHONEOS_DEPLOYMENT_TARGET = 17.5;
				LOCALIZATION_PREFERS_STRING_CATALOGS = YES;
				MTL_ENABLE_DEBUG_INFO = INCLUDE_SOURCE;
				MTL_FAST_MATH = YES;
				ONLY_ACTIVE_ARCH = YES;
				SDKROOT = iphoneos;
				SWIFT_ACTIVE_COMPILATION_CONDITIONS = "DEBUG $(inherited)";
				SWIFT_OPTIMIZATION_LEVEL = "-Onone";
			};
			name = Debug;
		};
		D10DA9F52C3E5FF0001F25FF /* Release */ = {
			isa = XCBuildConfiguration;
			buildSettings = {
				ALWAYS_SEARCH_USER_PATHS = NO;
				ASSETCATALOG_COMPILER_GENERATE_SWIFT_ASSET_SYMBOL_EXTENSIONS = YES;
				CLANG_ANALYZER_NONNULL = YES;
				CLANG_ANALYZER_NUMBER_OBJECT_CONVERSION = YES_AGGRESSIVE;
				CLANG_CXX_LANGUAGE_STANDARD = "gnu++20";
				CLANG_ENABLE_MODULES = YES;
				CLANG_ENABLE_OBJC_ARC = YES;
				CLANG_ENABLE_OBJC_WEAK = YES;
				CLANG_WARN_BLOCK_CAPTURE_AUTORELEASING = YES;
				CLANG_WARN_BOOL_CONVERSION = YES;
				CLANG_WARN_COMMA = YES;
				CLANG_WARN_CONSTANT_CONVERSION = YES;
				CLANG_WARN_DEPRECATED_OBJC_IMPLEMENTATIONS = YES;
				CLANG_WARN_DIRECT_OBJC_ISA_USAGE = YES_ERROR;
				CLANG_WARN_DOCUMENTATION_COMMENTS = YES;
				CLANG_WARN_EMPTY_BODY = YES;
				CLANG_WARN_ENUM_CONVERSION = YES;
				CLANG_WARN_INFINITE_RECURSION = YES;
				CLANG_WARN_INT_CONVERSION = YES;
				CLANG_WARN_NON_LITERAL_NULL_CONVERSION = YES;
				CLANG_WARN_OBJC_IMPLICIT_RETAIN_SELF = YES;
				CLANG_WARN_OBJC_LITERAL_CONVERSION = YES;
				CLANG_WARN_OBJC_ROOT_CLASS = YES_ERROR;
				CLANG_WARN_QUOTED_INCLUDE_IN_FRAMEWORK_HEADER = YES;
				CLANG_WARN_RANGE_LOOP_ANALYSIS = YES;
				CLANG_WARN_STRICT_PROTOTYPES = YES;
				CLANG_WARN_SUSPICIOUS_MOVE = YES;
				CLANG_WARN_UNGUARDED_AVAILABILITY = YES_AGGRESSIVE;
				CLANG_WARN_UNREACHABLE_CODE = YES;
				CLANG_WARN__DUPLICATE_METHOD_MATCH = YES;
				COPY_PHASE_STRIP = NO;
				DEBUG_INFORMATION_FORMAT = "dwarf-with-dsym";
				ENABLE_NS_ASSERTIONS = NO;
				ENABLE_STRICT_OBJC_MSGSEND = YES;
				ENABLE_USER_SCRIPT_SANDBOXING = YES;
				GCC_C_LANGUAGE_STANDARD = gnu17;
				GCC_NO_COMMON_BLOCKS = YES;
				GCC_WARN_64_TO_32_BIT_CONVERSION = YES;
				GCC_WARN_ABOUT_RETURN_TYPE = YES_ERROR;
				GCC_WARN_UNDECLARED_SELECTOR = YES;
				GCC_WARN_UNINITIALIZED_AUTOS = YES_AGGRESSIVE;
				GCC_WARN_UNUSED_FUNCTION = YES;
				GCC_WARN_UNUSED_VARIABLE = YES;
				IPHONEOS_DEPLOYMENT_TARGET = 17.5;
				LOCALIZATION_PREFERS_STRING_CATALOGS = YES;
				MTL_ENABLE_DEBUG_INFO = NO;
				MTL_FAST_MATH = YES;
				SDKROOT = iphoneos;
				SWIFT_COMPILATION_MODE = wholemodule;
				VALIDATE_PRODUCT = YES;
			};
			name = Release;
		};
		D10DA9F72C3E5FF0001F25FF /* Debug */ = {
			isa = XCBuildConfiguration;
			buildSettings = {
				ASSETCATALOG_COMPILER_APPICON_NAME = AppIcon;
				ASSETCATALOG_COMPILER_GLOBAL_ACCENT_COLOR_NAME = AccentColor;
				CODE_SIGN_STYLE = Automatic;
				CURRENT_PROJECT_VERSION = 1;
				GENERATE_INFOPLIST_FILE = YES;
				INFOPLIST_FILE = Weather/Info.plist;
				INFOPLIST_KEY_UIApplicationSupportsIndirectInputEvents = YES;
				INFOPLIST_KEY_UILaunchStoryboardName = LaunchScreen;
				INFOPLIST_KEY_UISupportedInterfaceOrientations = UIInterfaceOrientationPortrait;
				INFOPLIST_KEY_UISupportedInterfaceOrientations_iPad = UIInterfaceOrientationPortrait;
				IPHONEOS_DEPLOYMENT_TARGET = 16.0;
				LD_RUNPATH_SEARCH_PATHS = (
					"$(inherited)",
					"@executable_path/Frameworks",
				);
				MARKETING_VERSION = 1.0;
				PRODUCT_BUNDLE_IDENTIFIER = Jo.Weather;
				PRODUCT_NAME = "$(TARGET_NAME)";
				SUPPORTED_PLATFORMS = "iphoneos iphonesimulator";
				SUPPORTS_MACCATALYST = NO;
				SUPPORTS_MAC_DESIGNED_FOR_IPHONE_IPAD = NO;
				SUPPORTS_XR_DESIGNED_FOR_IPHONE_IPAD = NO;
				SWIFT_EMIT_LOC_STRINGS = YES;
				SWIFT_VERSION = 5.0;
				TARGETED_DEVICE_FAMILY = 1;
			};
			name = Debug;
		};
		D10DA9F82C3E5FF0001F25FF /* Release */ = {
			isa = XCBuildConfiguration;
			buildSettings = {
				ASSETCATALOG_COMPILER_APPICON_NAME = AppIcon;
				ASSETCATALOG_COMPILER_GLOBAL_ACCENT_COLOR_NAME = AccentColor;
				CODE_SIGN_STYLE = Automatic;
				CURRENT_PROJECT_VERSION = 1;
				GENERATE_INFOPLIST_FILE = YES;
				INFOPLIST_FILE = Weather/Info.plist;
				INFOPLIST_KEY_UIApplicationSupportsIndirectInputEvents = YES;
				INFOPLIST_KEY_UILaunchStoryboardName = LaunchScreen;
				INFOPLIST_KEY_UISupportedInterfaceOrientations = UIInterfaceOrientationPortrait;
				INFOPLIST_KEY_UISupportedInterfaceOrientations_iPad = UIInterfaceOrientationPortrait;
				IPHONEOS_DEPLOYMENT_TARGET = 16.0;
				LD_RUNPATH_SEARCH_PATHS = (
					"$(inherited)",
					"@executable_path/Frameworks",
				);
				MARKETING_VERSION = 1.0;
				PRODUCT_BUNDLE_IDENTIFIER = Jo.Weather;
				PRODUCT_NAME = "$(TARGET_NAME)";
				SUPPORTED_PLATFORMS = "iphoneos iphonesimulator";
				SUPPORTS_MACCATALYST = NO;
				SUPPORTS_MAC_DESIGNED_FOR_IPHONE_IPAD = NO;
				SUPPORTS_XR_DESIGNED_FOR_IPHONE_IPAD = NO;
				SWIFT_EMIT_LOC_STRINGS = YES;
				SWIFT_VERSION = 5.0;
				TARGETED_DEVICE_FAMILY = 1;
			};
			name = Release;
		};
/* End XCBuildConfiguration section */

/* Begin XCConfigurationList section */
		D10DA9DD2C3E5FEF001F25FF /* Build configuration list for PBXProject "Weather" */ = {
			isa = XCConfigurationList;
			buildConfigurations = (
				D10DA9F42C3E5FF0001F25FF /* Debug */,
				D10DA9F52C3E5FF0001F25FF /* Release */,
			);
			defaultConfigurationIsVisible = 0;
			defaultConfigurationName = Release;
		};
		D10DA9F62C3E5FF0001F25FF /* Build configuration list for PBXNativeTarget "Weather" */ = {
			isa = XCConfigurationList;
			buildConfigurations = (
				D10DA9F72C3E5FF0001F25FF /* Debug */,
				D10DA9F82C3E5FF0001F25FF /* Release */,
			);
			defaultConfigurationIsVisible = 0;
			defaultConfigurationName = Release;
		};
/* End XCConfigurationList section */

/* Begin XCRemoteSwiftPackageReference section */
		D10DAA062C3E6600001F25FF /* XCRemoteSwiftPackageReference "Alamofire" */ = {
			isa = XCRemoteSwiftPackageReference;
			repositoryURL = "https://github.com/Alamofire/Alamofire.git";
			requirement = {
				kind = upToNextMajorVersion;
				minimumVersion = 5.9.1;
			};
		};
		D10DAA092C3E660B001F25FF /* XCRemoteSwiftPackageReference "SnapKit" */ = {
			isa = XCRemoteSwiftPackageReference;
			repositoryURL = "https://github.com/SnapKit/SnapKit.git";
			requirement = {
				kind = upToNextMajorVersion;
				minimumVersion = 5.7.1;
			};
		};
		D10DAA0D2C3E6633001F25FF /* XCRemoteSwiftPackageReference "Kingfisher" */ = {
			isa = XCRemoteSwiftPackageReference;
			repositoryURL = "https://github.com/onevcat/Kingfisher.git";
			requirement = {
				kind = upToNextMajorVersion;
				minimumVersion = 7.12.0;
			};
		};
		D10DAA592C4103CC001F25FF /* XCRemoteSwiftPackageReference "Toast-Swift" */ = {
			isa = XCRemoteSwiftPackageReference;
			repositoryURL = "https://github.com/scalessec/Toast-Swift.git";
			requirement = {
				kind = upToNextMajorVersion;
				minimumVersion = 5.1.1;
			};
		};
/* End XCRemoteSwiftPackageReference section */

/* Begin XCSwiftPackageProductDependency section */
		D10DAA072C3E6600001F25FF /* Alamofire */ = {
			isa = XCSwiftPackageProductDependency;
			package = D10DAA062C3E6600001F25FF /* XCRemoteSwiftPackageReference "Alamofire" */;
			productName = Alamofire;
		};
		D10DAA0A2C3E660B001F25FF /* SnapKit */ = {
			isa = XCSwiftPackageProductDependency;
			package = D10DAA092C3E660B001F25FF /* XCRemoteSwiftPackageReference "SnapKit" */;
			productName = SnapKit;
		};
		D10DAA0E2C3E6633001F25FF /* Kingfisher */ = {
			isa = XCSwiftPackageProductDependency;
			package = D10DAA0D2C3E6633001F25FF /* XCRemoteSwiftPackageReference "Kingfisher" */;
			productName = Kingfisher;
		};
		D10DAA5A2C4103CC001F25FF /* Toast */ = {
			isa = XCSwiftPackageProductDependency;
			package = D10DAA592C4103CC001F25FF /* XCRemoteSwiftPackageReference "Toast-Swift" */;
			productName = Toast;
		};
/* End XCSwiftPackageProductDependency section */
	};
	rootObject = D10DA9DA2C3E5FEF001F25FF /* Project object */;
}
